// !$*UTF8*$!
{
	archiveVersion = 1;
	classes = {
	};
	objectVersion = 46;
	objects = {

/* Begin PBXBuildFile section */
		BAACE9CF18996C030099536E /* UIKit.framework in Frameworks */ = {isa = PBXBuildFile; fileRef = BAACE9CE18996C030099536E /* UIKit.framework */; };
		BAACE9D118996C030099536E /* Foundation.framework in Frameworks */ = {isa = PBXBuildFile; fileRef = BAACE9D018996C030099536E /* Foundation.framework */; };
		BAACE9D318996C030099536E /* CoreGraphics.framework in Frameworks */ = {isa = PBXBuildFile; fileRef = BAACE9D218996C030099536E /* CoreGraphics.framework */; };
		BAACE9D918996C030099536E /* InfoPlist.strings in Resources */ = {isa = PBXBuildFile; fileRef = BAACE9D718996C030099536E /* InfoPlist.strings */; };
		BAACE9DB18996C030099536E /* main.m in Sources */ = {isa = PBXBuildFile; fileRef = BAACE9DA18996C030099536E /* main.m */; };
		BAACE9DF18996C030099536E /* MDF1AppDelegate.m in Sources */ = {isa = PBXBuildFile; fileRef = BAACE9DE18996C030099536E /* MDF1AppDelegate.m */; };
		BAACE9E118996C030099536E /* Default.png in Resources */ = {isa = PBXBuildFile; fileRef = BAACE9E018996C030099536E /* Default.png */; };
		BAACE9E318996C030099536E /* Default@2x.png in Resources */ = {isa = PBXBuildFile; fileRef = BAACE9E218996C030099536E /* Default@2x.png */; };
		BAACE9E518996C030099536E /* Default-568h@2x.png in Resources */ = {isa = PBXBuildFile; fileRef = BAACE9E418996C030099536E /* Default-568h@2x.png */; };
		BAACE9E818996C030099536E /* MDF1ViewController.m in Sources */ = {isa = PBXBuildFile; fileRef = BAACE9E718996C030099536E /* MDF1ViewController.m */; };
		BAACE9EE18996C030099536E /* MDF1ViewController_iPad.xib in Resources */ = {isa = PBXBuildFile; fileRef = BAACE9EC18996C030099536E /* MDF1ViewController_iPad.xib */; };
/* End PBXBuildFile section */

/* Begin PBXFileReference section */
		BAACE9CB18996C030099536E /* XMLParsing.app */ = {isa = PBXFileReference; explicitFileType = wrapper.application; includeInIndex = 0; path = XMLParsing.app; sourceTree = BUILT_PRODUCTS_DIR; };
		BAACE9CE18996C030099536E /* UIKit.framework */ = {isa = PBXFileReference; lastKnownFileType = wrapper.framework; name = UIKit.framework; path = System/Library/Frameworks/UIKit.framework; sourceTree = SDKROOT; };
		BAACE9D018996C030099536E /* Foundation.framework */ = {isa = PBXFileReference; lastKnownFileType = wrapper.framework; name = Foundation.framework; path = System/Library/Frameworks/Foundation.framework; sourceTree = SDKROOT; };
		BAACE9D218996C030099536E /* CoreGraphics.framework */ = {isa = PBXFileReference; lastKnownFileType = wrapper.framework; name = CoreGraphics.framework; path = System/Library/Frameworks/CoreGraphics.framework; sourceTree = SDKROOT; };
		BAACE9D618996C030099536E /* XMLParsing-Info.plist */ = {isa = PBXFileReference; lastKnownFileType = text.plist.xml; path = "XMLParsing-Info.plist"; sourceTree = "<group>"; };
		BAACE9D818996C030099536E /* en */ = {isa = PBXFileReference; lastKnownFileType = text.plist.strings; name = en; path = en.lproj/InfoPlist.strings; sourceTree = "<group>"; };
		BAACE9DA18996C030099536E /* main.m */ = {isa = PBXFileReference; lastKnownFileType = sourcecode.c.objc; path = main.m; sourceTree = "<group>"; };
		BAACE9DC18996C030099536E /* XMLParsing-Prefix.pch */ = {isa = PBXFileReference; lastKnownFileType = sourcecode.c.h; path = "XMLParsing-Prefix.pch"; sourceTree = "<group>"; };
		BAACE9DD18996C030099536E /* MDF1AppDelegate.h */ = {isa = PBXFileReference; lastKnownFileType = sourcecode.c.h; path = MDF1AppDelegate.h; sourceTree = "<group>"; };
		BAACE9DE18996C030099536E /* MDF1AppDelegate.m */ = {isa = PBXFileReference; lastKnownFileType = sourcecode.c.objc; path = MDF1AppDelegate.m; sourceTree = "<group>"; };
		BAACE9E018996C030099536E /* Default.png */ = {isa = PBXFileReference; lastKnownFileType = image.png; path = Default.png; sourceTree = "<group>"; };
		BAACE9E218996C030099536E /* Default@2x.png */ = {isa = PBXFileReference; lastKnownFileType = image.png; path = "Default@2x.png"; sourceTree = "<group>"; };
		BAACE9E418996C030099536E /* Default-568h@2x.png */ = {isa = PBXFileReference; lastKnownFileType = image.png; path = "Default-568h@2x.png"; sourceTree = "<group>"; };
		BAACE9E618996C030099536E /* MDF1ViewController.h */ = {isa = PBXFileReference; lastKnownFileType = sourcecode.c.h; path = MDF1ViewController.h; sourceTree = "<group>"; };
		BAACE9E718996C030099536E /* MDF1ViewController.m */ = {isa = PBXFileReference; lastKnownFileType = sourcecode.c.objc; path = MDF1ViewController.m; sourceTree = "<group>"; };
		BAACE9ED18996C030099536E /* en */ = {isa = PBXFileReference; lastKnownFileType = file.xib; name = en; path = en.lproj/MDF1ViewController_iPad.xib; sourceTree = "<group>"; };
/* End PBXFileReference section */

/* Begin PBXFrameworksBuildPhase section */
		BAACE9C818996C030099536E /* Frameworks */ = {
			isa = PBXFrameworksBuildPhase;
			buildActionMask = 2147483647;
			files = (
				BAACE9CF18996C030099536E /* UIKit.framework in Frameworks */,
				BAACE9D118996C030099536E /* Foundation.framework in Frameworks */,
				BAACE9D318996C030099536E /* CoreGraphics.framework in Frameworks */,
			);
			runOnlyForDeploymentPostprocessing = 0;
		};
/* End PBXFrameworksBuildPhase section */

/* Begin PBXGroup section */
		BAACE9C218996C030099536E = {
			isa = PBXGroup;
			children = (
				BAACE9D418996C030099536E /* XMLParsing */,
				BAACE9CD18996C030099536E /* Frameworks */,
				BAACE9CC18996C030099536E /* Products */,
			);
			sourceTree = "<group>";
		};
		BAACE9CC18996C030099536E /* Products */ = {
			isa = PBXGroup;
			children = (
				BAACE9CB18996C030099536E /* XMLParsing.app */,
			);
			name = Products;
			sourceTree = "<group>";
		};
		BAACE9CD18996C030099536E /* Frameworks */ = {
			isa = PBXGroup;
			children = (
				BAACE9CE18996C030099536E /* UIKit.framework */,
				BAACE9D018996C030099536E /* Foundation.framework */,
				BAACE9D218996C030099536E /* CoreGraphics.framework */,
			);
			name = Frameworks;
			sourceTree = "<group>";
		};
		BAACE9D418996C030099536E /* XMLParsing */ = {
			isa = PBXGroup;
			children = (
				BAACE9DD18996C030099536E /* MDF1AppDelegate.h */,
				BAACE9DE18996C030099536E /* MDF1AppDelegate.m */,
				BAACE9E618996C030099536E /* MDF1ViewController.h */,
				BAACE9E718996C030099536E /* MDF1ViewController.m */,
				BAACE9EC18996C030099536E /* MDF1ViewController_iPad.xib */,
				BAACE9D518996C030099536E /* Supporting Files */,
			);
			path = XMLParsing;
			sourceTree = "<group>";
		};
		BAACE9D518996C030099536E /* Supporting Files */ = {
			isa = PBXGroup;
			children = (
				BAACE9D618996C030099536E /* XMLParsing-Info.plist */,
				BAACE9D718996C030099536E /* InfoPlist.strings */,
				BAACE9DA18996C030099536E /* main.m */,
				BAACE9DC18996C030099536E /* XMLParsing-Prefix.pch */,
				BAACE9E018996C030099536E /* Default.png */,
				BAACE9E218996C030099536E /* Default@2x.png */,
				BAACE9E418996C030099536E /* Default-568h@2x.png */,
			);
			name = "Supporting Files";
			sourceTree = "<group>";
		};
/* End PBXGroup section */

/* Begin PBXNativeTarget section */
		BAACE9CA18996C030099536E /* XMLParsing */ = {
			isa = PBXNativeTarget;
			buildConfigurationList = BAACE9F118996C030099536E /* Build configuration list for PBXNativeTarget "XMLParsing" */;
			buildPhases = (
				BAACE9C718996C030099536E /* Sources */,
				BAACE9C818996C030099536E /* Frameworks */,
				BAACE9C918996C030099536E /* Resources */,
			);
			buildRules = (
			);
			dependencies = (
			);
			name = XMLParsing;
			productName = XMLParsing;
			productReference = BAACE9CB18996C030099536E /* XMLParsing.app */;
			productType = "com.apple.product-type.application";
		};
/* End PBXNativeTarget section */

/* Begin PBXProject section */
		BAACE9C318996C030099536E /* Project object */ = {
			isa = PBXProject;
			attributes = {
				CLASSPREFIX = MDF1;
				LastUpgradeCheck = 0460;
				ORGANIZATIONNAME = "Brenna Pavlinchak";
			};
			buildConfigurationList = BAACE9C618996C030099536E /* Build configuration list for PBXProject "XMLParsing" */;
			compatibilityVersion = "Xcode 3.2";
			developmentRegion = English;
			hasScannedForEncodings = 0;
			knownRegions = (
				en,
			);
			mainGroup = BAACE9C218996C030099536E;
			productRefGroup = BAACE9CC18996C030099536E /* Products */;
			projectDirPath = "";
			projectRoot = "";
			targets = (
				BAACE9CA18996C030099536E /* XMLParsing */,
			);
		};
/* End PBXProject section */

/* Begin PBXResourcesBuildPhase section */
		BAACE9C918996C030099536E /* Resources */ = {
			isa = PBXResourcesBuildPhase;
			buildActionMask = 2147483647;
			files = (
				BAACE9D918996C030099536E /* InfoPlist.strings in Resources */,
				BAACE9E118996C030099536E /* Default.png in Resources */,
				BAACE9E318996C030099536E /* Default@2x.png in Resources */,
				BAACE9E518996C030099536E /* Default-568h@2x.png in Resources */,
				BAACE9EE18996C030099536E /* MDF1ViewController_iPad.xib in Resources */,
			);
			runOnlyForDeploymentPostprocessing = 0;
		};
/* End PBXResourcesBuildPhase section */

/* Begin PBXSourcesBuildPhase section */
		BAACE9C718996C030099536E /* Sources */ = {
			isa = PBXSourcesBuildPhase;
			buildActionMask = 2147483647;
			files = (
				BAACE9DB18996C030099536E /* main.m in Sources */,
				BAACE9DF18996C030099536E /* MDF1AppDelegate.m in Sources */,
				BAACE9E818996C030099536E /* MDF1ViewController.m in Sources */,
			);
			runOnlyForDeploymentPostprocessing = 0;
		};
/* End PBXSourcesBuildPhase section */

/* Begin PBXVariantGroup section */
		BAACE9D718996C030099536E /* InfoPlist.strings */ = {
			isa = PBXVariantGroup;
			children = (
				BAACE9D818996C030099536E /* en */,
			);
			name = InfoPlist.strings;
			sourceTree = "<group>";
		};
		BAACE9EC18996C030099536E /* MDF1ViewController_iPad.xib */ = {
			isa = PBXVariantGroup;
			children = (
				BAACE9ED18996C030099536E /* en */,
			);
			name = MDF1ViewController_iPad.xib;
			sourceTree = "<group>";
		};
/* End PBXVariantGroup section */

/* Begin XCBuildConfiguration section */
		BAACE9EF18996C030099536E /* Debug */ = {
			isa = XCBuildConfiguration;
			buildSettings = {
				ALWAYS_SEARCH_USER_PATHS = NO;
				CLANG_CXX_LANGUAGE_STANDARD = "gnu++0x";
				CLANG_CXX_LIBRARY = "libc++";
				CLANG_ENABLE_OBJC_ARC = YES;
				CLANG_WARN_CONSTANT_CONVERSION = YES;
				CLANG_WARN_EMPTY_BODY = YES;
				CLANG_WARN_ENUM_CONVERSION = YES;
				CLANG_WARN_INT_CONVERSION = YES;
				CLANG_WARN__DUPLICATE_METHOD_MATCH = YES;
				"CODE_SIGN_IDENTITY[sdk=iphoneos*]" = "iPhone Developer";
				COPY_PHASE_STRIP = NO;
				GCC_C_LANGUAGE_STANDARD = gnu99;
				GCC_DYNAMIC_NO_PIC = NO;
				GCC_OPTIMIZATION_LEVEL = 0;
				GCC_PREPROCESSOR_DEFINITIONS = (
					"DEBUG=1",
					"$(inherited)",
				);
				GCC_SYMBOLS_PRIVATE_EXTERN = NO;
				GCC_WARN_ABOUT_RETURN_TYPE = YES;
				GCC_WARN_UNINITIALIZED_AUTOS = YES;
				GCC_WARN_UNUSED_VARIABLE = YES;
				IPHONEOS_DEPLOYMENT_TARGET = 6.1;
				ONLY_ACTIVE_ARCH = YES;
				SDKROOT = iphoneos;
				TARGETED_DEVICE_FAMILY = "1,2";
			};
			name = Debug;
		};
		BAACE9F018996C030099536E /* Release */ = {
			isa = XCBuildConfiguration;
			buildSettings = {
				ALWAYS_SEARCH_USER_PATHS = NO;
				CLANG_CXX_LANGUAGE_STANDARD = "gnu++0x";
				CLANG_CXX_LIBRARY = "libc++";
				CLANG_ENABLE_OBJC_ARC = YES;
				CLANG_WARN_CONSTANT_CONVERSION = YES;
				CLANG_WARN_EMPTY_BODY = YES;
				CLANG_WARN_ENUM_CONVERSION = YES;
				CLANG_WARN_INT_CONVERSION = YES;
				CLANG_WARN__DUPLICATE_METHOD_MATCH = YES;
				"CODE_SIGN_IDENTITY[sdk=iphoneos*]" = "iPhone Developer";
				COPY_PHASE_STRIP = YES;
				GCC_C_LANGUAGE_STANDARD = gnu99;
				GCC_WARN_ABOUT_RETURN_TYPE = YES;
				GCC_WARN_UNINITIALIZED_AUTOS = YES;
				GCC_WARN_UNUSED_VARIABLE = YES;
				IPHONEOS_DEPLOYMENT_TARGET = 6.1;
				OTHER_CFLAGS = "-DNS_BLOCK_ASSERTIONS=1";
				SDKROOT = iphoneos;
				TARGETED_DEVICE_FAMILY = "1,2";
				VALIDATE_PRODUCT = YES;
			};
			name = Release;
		};
		BAACE9F218996C030099536E /* Debug */ = {
			isa = XCBuildConfiguration;
			buildSettings = {
				GCC_PRECOMPILE_PREFIX_HEADER = YES;
				GCC_PREFIX_HEADER = "XMLParsing/XMLParsing-Prefix.pch";
				INFOPLIST_FILE = "XMLParsing/XMLParsing-Info.plist";
				PRODUCT_NAME = "$(TARGET_NAME)";
				WRAPPER_EXTENSION = app;
			};
			name = Debug;
		};
		BAACE9F318996C030099536E /* Release */ = {
			isa = XCBuildConfiguration;
			buildSettings = {
				GCC_PRECOMPILE_PREFIX_HEADER = YES;
				GCC_PREFIX_HEADER = "XMLParsing/XMLParsing-Prefix.pch";
				INFOPLIST_FILE = "XMLParsing/XMLParsing-Info.plist";
				PRODUCT_NAME = "$(TARGET_NAME)";
				WRAPPER_EXTENSION = app;
			};
			name = Release;
		};
/* End XCBuildConfiguration section */

/* Begin XCConfigurationList section */
		BAACE9C618996C030099536E /* Build configuration list for PBXProject "XMLParsing" */ = {
			isa = XCConfigurationList;
			buildConfigurations = (
				BAACE9EF18996C030099536E /* Debug */,
				BAACE9F018996C030099536E /* Release */,
			);
			defaultConfigurationIsVisible = 0;
			defaultConfigurationName = Release;
		};
		BAACE9F118996C030099536E /* Build configuration list for PBXNativeTarget "XMLParsing" */ = {
			isa = XCConfigurationList;
			buildConfigurations = (
				BAACE9F218996C030099536E /* Debug */,
				BAACE9F318996C030099536E /* Release */,
			);
			defaultConfigurationIsVisible = 0;
		};
/* End XCConfigurationList section */
	};
	rootObject = BAACE9C318996C030099536E /* Project object */;
}
